
Microsoft Visual Studio Solution File, Format Version 12.00
# Visual Studio 15
Project("{FAE04EC0-301F-11D3-BF4B-00C04F79EFBC}") = "Microsoft.MixedReality.Toolkit.Examples", "Microsoft.MixedReality.Toolkit.Examples.csproj", "{7D8226CD-5417-3CC5-0342-0645AE8A7D99}"
EndProject
Project("{FAE04EC0-301F-11D3-BF4B-00C04F79EFBC}") = "CommonScripts", "CommonScripts.csproj", "{A627EAF1-7872-BCCF-2410-0039C38C775E}"
EndProject
Project("{FAE04EC0-301F-11D3-BF4B-00C04F79EFBC}") = "Assembly-CSharp", "Assembly-CSharp.csproj", "{C48E6707-7063-54CB-5626-D57325CDECA9}"
EndProject
Project("{FAE04EC0-301F-11D3-BF4B-00C04F79EFBC}") = "Microsoft.MixedReality.Toolkit.Demos.Audio", "Microsoft.MixedReality.Toolkit.Demos.Audio.csproj", "{1F0F12F4-4883-16B9-F592-B4BD42311F64}"
EndProject
Project("{FAE04EC0-301F-11D3-BF4B-00C04F79EFBC}") = "Microsoft.MixedReality.Toolkit.Demos.Gltf", "Microsoft.MixedReality.Toolkit.Demos.Gltf.csproj", "{23A0AFC9-7FF1-E1B5-BEB0-D66A86BC92CE}"
EndProject
Project("{FAE04EC0-301F-11D3-BF4B-00C04F79EFBC}") = "Microsoft.MixedReality.Toolkit.Demos.UX.Interactables", "Microsoft.MixedReality.Toolkit.Demos.UX.Interactables.csproj", "{86781C44-FBBA-445F-F410-1AE22A3F9E8C}"
EndProject
Project("{FAE04EC0-301F-11D3-BF4B-00C04F79EFBC}") = "Microsoft.MixedReality.Toolkit.Demos.InspectorFields", "Microsoft.MixedReality.Toolkit.Demos.InspectorFields.csproj", "{483E3180-11C2-26EC-A2C4-3856817515E0}"
EndProject
Project("{FAE04EC0-301F-11D3-BF4B-00C04F79EFBC}") = "VuforiaVersionCheckerScripts", "VuforiaVersionCheckerScripts.csproj", "{1A5EF60D-2749-039D-534D-BD5C28390464}"
EndProject
Project("{FAE04EC0-301F-11D3-BF4B-00C04F79EFBC}") = "CommonEditor", "CommonEditor.csproj", "{4D18A47C-A927-6227-8460-0079B5D2C874}"
EndProject
Project("{FAE04EC0-301F-11D3-BF4B-00C04F79EFBC}") = "Microsoft.MixedReality.Toolkit.Demos.StandardShader.Inspectors", "Microsoft.MixedReality.Toolkit.Demos.StandardShader.Inspectors.csproj", "{512F7F0A-F405-2F11-4662-ABDA24271A0B}"
EndProject
Project("{FAE04EC0-301F-11D3-BF4B-00C04F79EFBC}") = "Microsoft.MixedReality.Toolkit.Demos.InspectorFields.Inspectors", "Microsoft.MixedReality.Toolkit.Demos.InspectorFields.Inspectors.csproj", "{8EFDBC36-3AD4-688B-CAF1-8D827DA5DFB3}"
EndProject
Project("{FAE04EC0-301F-11D3-BF4B-00C04F79EFBC}") = "Microsoft.MixedReality.Toolkit.Demos.Gltf.Inspectors", "Microsoft.MixedReality.Toolkit.Demos.Gltf.Inspectors.csproj", "{47C242D0-4C27-10A0-10E1-2296F596CB22}"
EndProject
Global
	GlobalSection(SolutionConfigurationPlatforms) = preSolution
		Debug|Any CPU = Debug|Any CPU
		Release|Any CPU = Release|Any CPU
	EndGlobalSection
	GlobalSection(ProjectConfigurationPlatforms) = postSolution
		{7D8226CD-5417-3CC5-0342-0645AE8A7D99}.Debug|Any CPU.ActiveCfg = Debug|Any CPU
		{7D8226CD-5417-3CC5-0342-0645AE8A7D99}.Debug|Any CPU.Build.0 = Debug|Any CPU
		{7D8226CD-5417-3CC5-0342-0645AE8A7D99}.Release|Any CPU.ActiveCfg = Release|Any CPU
		{7D8226CD-5417-3CC5-0342-0645AE8A7D99}.Release|Any CPU.Build.0 = Release|Any CPU
		{A627EAF1-7872-BCCF-2410-0039C38C775E}.Debug|Any CPU.ActiveCfg = Debug|Any CPU
		{A627EAF1-7872-BCCF-2410-0039C38C775E}.Debug|Any CPU.Build.0 = Debug|Any CPU
		{A627EAF1-7872-BCCF-2410-0039C38C775E}.Release|Any CPU.ActiveCfg = Release|Any CPU
		{A627EAF1-7872-BCCF-2410-0039C38C775E}.Release|Any CPU.Build.0 = Release|Any CPU
		{C48E6707-7063-54CB-5626-D57325CDECA9}.Debug|Any CPU.ActiveCfg = Debug|Any CPU
		{C48E6707-7063-54CB-5626-D57325CDECA9}.Debug|Any CPU.Build.0 = Debug|Any CPU
		{C48E6707-7063-54CB-5626-D57325CDECA9}.Release|Any CPU.ActiveCfg = Release|Any CPU
		{C48E6707-7063-54CB-5626-D57325CDECA9}.Release|Any CPU.Build.0 = Release|Any CPU
		{1F0F12F4-4883-16B9-F592-B4BD42311F64}.Debug|Any CPU.ActiveCfg = Debug|Any CPU
		{1F0F12F4-4883-16B9-F592-B4BD42311F64}.Debug|Any CPU.Build.0 = Debug|Any CPU
		{1F0F12F4-4883-16B9-F592-B4BD42311F64}.Release|Any CPU.ActiveCfg = Release|Any CPU
		{1F0F12F4-4883-16B9-F592-B4BD42311F64}.Release|Any CPU.Build.0 = Release|Any CPU
		{23A0AFC9-7FF1-E1B5-BEB0-D66A86BC92CE}.Debug|Any CPU.ActiveCfg = Debug|Any CPU
		{23A0AFC9-7FF1-E1B5-BEB0-D66A86BC92CE}.Debug|Any CPU.Build.0 = Debug|Any CPU
		{23A0AFC9-7FF1-E1B5-BEB0-D66A86BC92CE}.Release|Any CPU.ActiveCfg = Release|Any CPU
		{23A0AFC9-7FF1-E1B5-BEB0-D66A86BC92CE}.Release|Any CPU.Build.0 = Release|Any CPU
		{86781C44-FBBA-445F-F410-1AE22A3F9E8C}.Debug|Any CPU.ActiveCfg = Debug|Any CPU
		{86781C44-FBBA-445F-F410-1AE22A3F9E8C}.Debug|Any CPU.Build.0 = Debug|Any CPU
		{86781C44-FBBA-445F-F410-1AE22A3F9E8C}.Release|Any CPU.ActiveCfg = Release|Any CPU
		{86781C44-FBBA-445F-F410-1AE22A3F9E8C}.Release|Any CPU.Build.0 = Release|Any CPU
		{483E3180-11C2-26EC-A2C4-3856817515E0}.Debug|Any CPU.ActiveCfg = Debug|Any CPU
		{483E3180-11C2-26EC-A2C4-3856817515E0}.Debug|Any CPU.Build.0 = Debug|Any CPU
		{483E3180-11C2-26EC-A2C4-3856817515E0}.Release|Any CPU.ActiveCfg = Release|Any CPU
		{483E3180-11C2-26EC-A2C4-3856817515E0}.Release|Any CPU.Build.0 = Release|Any CPU
		{1A5EF60D-2749-039D-534D-BD5C28390464}.Debug|Any CPU.ActiveCfg = Debug|Any CPU
		{1A5EF60D-2749-039D-534D-BD5C28390464}.Debug|Any CPU.Build.0 = Debug|Any CPU
		{1A5EF60D-2749-039D-534D-BD5C28390464}.Release|Any CPU.ActiveCfg = Release|Any CPU
		{1A5EF60D-2749-039D-534D-BD5C28390464}.Release|Any CPU.Build.0 = Release|Any CPU
		{4D18A47C-A927-6227-8460-0079B5D2C874}.Debug|Any CPU.ActiveCfg = Debug|Any CPU
		{4D18A47C-A927-6227-8460-0079B5D2C874}.Debug|Any CPU.Build.0 = Debug|Any CPU
		{4D18A47C-A927-6227-8460-0079B5D2C874}.Release|Any CPU.ActiveCfg = Release|Any CPU
		{4D18A47C-A927-6227-8460-0079B5D2C874}.Release|Any CPU.Build.0 = Release|Any CPU
		{512F7F0A-F405-2F11-4662-ABDA24271A0B}.Debug|Any CPU.ActiveCfg = Debug|Any CPU
		{512F7F0A-F405-2F11-4662-ABDA24271A0B}.Debug|Any CPU.Build.0 = Debug|Any CPU
		{512F7F0A-F405-2F11-4662-ABDA24271A0B}.Release|Any CPU.ActiveCfg = Release|Any CPU
		{512F7F0A-F405-2F11-4662-ABDA24271A0B}.Release|Any CPU.Build.0 = Release|Any CPU
		{8EFDBC36-3AD4-688B-CAF1-8D827DA5DFB3}.Debug|Any CPU.ActiveCfg = Debug|Any CPU
		{8EFDBC36-3AD4-688B-CAF1-8D827DA5DFB3}.Debug|Any CPU.Build.0 = Debug|Any CPU
		{8EFDBC36-3AD4-688B-CAF1-8D827DA5DFB3}.Release|Any CPU.ActiveCfg = Release|Any CPU
		{8EFDBC36-3AD4-688B-CAF1-8D827DA5DFB3}.Release|Any CPU.Build.0 = Release|Any CPU
		{47C242D0-4C27-10A0-10E1-2296F596CB22}.Debug|Any CPU.ActiveCfg = Debug|Any CPU
		{47C242D0-4C27-10A0-10E1-2296F596CB22}.Debug|Any CPU.Build.0 = Debug|Any CPU
		{47C242D0-4C27-10A0-10E1-2296F596CB22}.Release|Any CPU.ActiveCfg = Release|Any CPU
		{47C242D0-4C27-10A0-10E1-2296F596CB22}.Release|Any CPU.Build.0 = Release|Any CPU
	EndGlobalSection
	GlobalSection(SolutionProperties) = preSolution
		HideSolutionNode = FALSE
	EndGlobalSection
EndGlobal
